
Microsoft Visual Studio Solution File, Format Version 12.00
Project("{FAE04EC0-301F-11D3-BF4B-00C04F79EFBC}") = "Domain", "Domain\Domain.csproj", "{836D996A-A49C-4184-BE06-339C1EDE2889}"
EndProject
Project("{FAE04EC0-301F-11D3-BF4B-00C04F79EFBC}") = "Application", "Application\Application.csproj", "{05555528-A02C-40C6-845F-D99170342C26}"
EndProject
Project("{FAE04EC0-301F-11D3-BF4B-00C04F79EFBC}") = "Infrastructure", "Infrastructure\Infrastructure.csproj", "{1E616E6E-CEAC-4807-AD53-96D6D6E4AE50}"
EndProject
Project("{FAE04EC0-301F-11D3-BF4B-00C04F79EFBC}") = "WebApi", "WebApi\WebApi.csproj", "{13027144-DB44-48F4-8803-14E748650CCB}"
EndProject
Project("{FAE04EC0-301F-11D3-BF4B-00C04F79EFBC}") = "Application.Tests", "Tests\Application.Tests\Application.Tests.csproj", "{1088DFE3-C837-496A-99A1-CD6C3755712C}"
EndProject
Global
	GlobalSection(SolutionConfigurationPlatforms) = preSolution
		Debug|Any CPU = Debug|Any CPU
		Release|Any CPU = Release|Any CPU
	EndGlobalSection
	GlobalSection(ProjectConfigurationPlatforms) = postSolution
		{836D996A-A49C-4184-BE06-339C1EDE2889}.Debug|Any CPU.ActiveCfg = Debug|Any CPU
		{836D996A-A49C-4184-BE06-339C1EDE2889}.Debug|Any CPU.Build.0 = Debug|Any CPU
		{836D996A-A49C-4184-BE06-339C1EDE2889}.Release|Any CPU.ActiveCfg = Release|Any CPU
		{836D996A-A49C-4184-BE06-339C1EDE2889}.Release|Any CPU.Build.0 = Release|Any CPU
		{05555528-A02C-40C6-845F-D99170342C26}.Debug|Any CPU.ActiveCfg = Debug|Any CPU
		{05555528-A02C-40C6-845F-D99170342C26}.Debug|Any CPU.Build.0 = Debug|Any CPU
		{05555528-A02C-40C6-845F-D99170342C26}.Release|Any CPU.ActiveCfg = Release|Any CPU
		{05555528-A02C-40C6-845F-D99170342C26}.Release|Any CPU.Build.0 = Release|Any CPU
		{1E616E6E-CEAC-4807-AD53-96D6D6E4AE50}.Debug|Any CPU.ActiveCfg = Debug|Any CPU
		{1E616E6E-CEAC-4807-AD53-96D6D6E4AE50}.Debug|Any CPU.Build.0 = Debug|Any CPU
		{1E616E6E-CEAC-4807-AD53-96D6D6E4AE50}.Release|Any CPU.ActiveCfg = Release|Any CPU
		{1E616E6E-CEAC-4807-AD53-96D6D6E4AE50}.Release|Any CPU.Build.0 = Release|Any CPU
		{13027144-DB44-48F4-8803-14E748650CCB}.Debug|Any CPU.ActiveCfg = Debug|Any CPU
		{13027144-DB44-48F4-8803-14E748650CCB}.Debug|Any CPU.Build.0 = Debug|Any CPU
		{13027144-DB44-48F4-8803-14E748650CCB}.Release|Any CPU.ActiveCfg = Release|Any CPU
		{13027144-DB44-48F4-8803-14E748650CCB}.Release|Any CPU.Build.0 = Release|Any CPU
		{1088DFE3-C837-496A-99A1-CD6C3755712C}.Debug|Any CPU.ActiveCfg = Debug|Any CPU
		{1088DFE3-C837-496A-99A1-CD6C3755712C}.Debug|Any CPU.Build.0 = Debug|Any CPU
		{1088DFE3-C837-496A-99A1-CD6C3755712C}.Release|Any CPU.ActiveCfg = Release|Any CPU
		{1088DFE3-C837-496A-99A1-CD6C3755712C}.Release|Any CPU.Build.0 = Release|Any CPU
	EndGlobalSection
EndGlobal
